
Microsoft Visual Studio Solution File, Format Version 12.00
# Visual Studio Version 17
VisualStudioVersion = 17.13.35919.96
MinimumVisualStudioVersion = 10.0.40219.1
Project("{FAE04EC0-301F-11D3-BF4B-00C04F79EFBC}") = "TitanStudioWpf", "src\TitanStudioWpf\TitanStudioWpf.csproj", "{A71D0037-D473-4EFE-97D0-B70FDF27DB7C}"
EndProject
Project("{FAE04EC0-301F-11D3-BF4B-00C04F79EFBC}") = "TitanStudioWpf.Core", "src\TitanStudioWpf.Core\TitanStudioWpf.Core.csproj", "{A9A25CA7-A72D-45CB-B796-7A073124AA89}"
EndProject
Global
	GlobalSection(SolutionConfigurationPlatforms) = preSolution
		Debug|Any CPU = Debug|Any CPU
		Release|Any CPU = Release|Any CPU
	EndGlobalSection
	GlobalSection(ProjectConfigurationPlatforms) = postSolution
		{A71D0037-D473-4EFE-97D0-B70FDF27DB7C}.Debug|Any CPU.ActiveCfg = Debug|Any CPU
		{A71D0037-D473-4EFE-97D0-B70FDF27DB7C}.Debug|Any CPU.Build.0 = Debug|Any CPU
		{A71D0037-D473-4EFE-97D0-B70FDF27DB7C}.Release|Any CPU.ActiveCfg = Release|Any CPU
		{A71D0037-D473-4EFE-97D0-B70FDF27DB7C}.Release|Any CPU.Build.0 = Release|Any CPU
		{A9A25CA7-A72D-45CB-B796-7A073124AA89}.Debug|Any CPU.ActiveCfg = Debug|Any CPU
		{A9A25CA7-A72D-45CB-B796-7A073124AA89}.Debug|Any CPU.Build.0 = Debug|Any CPU
		{A9A25CA7-A72D-45CB-B796-7A073124AA89}.Release|Any CPU.ActiveCfg = Release|Any CPU
		{A9A25CA7-A72D-45CB-B796-7A073124AA89}.Release|Any CPU.Build.0 = Release|Any CPU
	EndGlobalSection
	GlobalSection(SolutionProperties) = preSolution
		HideSolutionNode = FALSE
	EndGlobalSection
	GlobalSection(ExtensibilityGlobals) = postSolution
		SolutionGuid = {DD66CCB8-024C-4230-8AAB-8E4BCE048485}
	EndGlobalSection
EndGlobal
